
Microsoft Visual Studio Solution File, Format Version 12.00
# Visual Studio Version 18
VisualStudioVersion = 18.6.11723.189
MinimumVisualStudioVersion = 10.0.40219.1
Project("{FAE04EC0-301F-11D3-BF4B-00C04F79EFBC}") = "WisdomITNews", "WisdomITNews.csproj", "{7D2BE93A-977B-41F8-174A-53BE138DEDEF}"
EndProject
Global
	GlobalSection(SolutionConfigurationPlatforms) = preSolution
		Debug|Any CPU = Debug|Any CPU
		Release|Any CPU = Release|Any CPU
	EndGlobalSection
	GlobalSection(ProjectConfigurationPlatforms) = postSolution
		{7D2BE93A-977B-41F8-174A-53BE138DEDEF}.Debug|Any CPU.ActiveCfg = Debug|Any CPU
		{7D2BE93A-977B-41F8-174A-53BE138DEDEF}.Debug|Any CPU.Build.0 = Debug|Any CPU
		{7D2BE93A-977B-41F8-174A-53BE138DEDEF}.Release|Any CPU.ActiveCfg = Release|Any CPU
		{7D2BE93A-977B-41F8-174A-53BE138DEDEF}.Release|Any CPU.Build.0 = Release|Any CPU
	EndGlobalSection
	GlobalSection(SolutionProperties) = preSolution
		HideSolutionNode = FALSE
	EndGlobalSection
	GlobalSection(ExtensibilityGlobals) = postSolution
		SolutionGuid = {A7659EF1-141A-44CD-AF54-90BD396CF7CE}
	EndGlobalSection
EndGlobal
